// !$*UTF8*$!
{
	archiveVersion = 1;
	classes = {
	};
	objectVersion = 56;
	objects = {

/* Begin PBXBuildFile section */
		7A04E7A528F830F0008AC227 /* HomeViewModel.swift in Sources */ = {isa = PBXBuildFile; fileRef = 7A04E7A428F830F0008AC227 /* HomeViewModel.swift */; };
		7A6F9D4228F889EF0023642E /* CoinDataService.swift in Sources */ = {isa = PBXBuildFile; fileRef = 7A6F9D4128F889EF0023642E /* CoinDataService.swift */; };
		7A8D53F428FC0A1100263C52 /* LocalFileManager.swift in Sources */ = {isa = PBXBuildFile; fileRef = 7A8D53F328FC0A1100263C52 /* LocalFileManager.swift */; };
		7A99A53428F968460094EFB5 /* NetworkingManager.swift in Sources */ = {isa = PBXBuildFile; fileRef = 7A99A53328F968460094EFB5 /* NetworkingManager.swift */; };
		7AA6DF4B28F5A5CE0049D102 /* Crypto_TrackerApp.swift in Sources */ = {isa = PBXBuildFile; fileRef = 7AA6DF4A28F5A5CE0049D102 /* Crypto_TrackerApp.swift */; };
		7AA6DF4D28F5A5CE0049D102 /* ContentView.swift in Sources */ = {isa = PBXBuildFile; fileRef = 7AA6DF4C28F5A5CE0049D102 /* ContentView.swift */; };
		7AA6DF4F28F5A5D00049D102 /* Assets.xcassets in Resources */ = {isa = PBXBuildFile; fileRef = 7AA6DF4E28F5A5D00049D102 /* Assets.xcassets */; };
		7AA6DF5228F5A5D00049D102 /* Preview Assets.xcassets in Resources */ = {isa = PBXBuildFile; fileRef = 7AA6DF5128F5A5D00049D102 /* Preview Assets.xcassets */; };
		7AA6DF5A28F5B15F0049D102 /* Color.swift in Sources */ = {isa = PBXBuildFile; fileRef = 7AA6DF5928F5B15F0049D102 /* Color.swift */; };
		7AA6DF6028F5B3EA0049D102 /* HomeView.swift in Sources */ = {isa = PBXBuildFile; fileRef = 7AA6DF5F28F5B3EA0049D102 /* HomeView.swift */; };
		7AA6DF6428F5B58D0049D102 /* CircleButtonView.swift in Sources */ = {isa = PBXBuildFile; fileRef = 7AA6DF6328F5B58D0049D102 /* CircleButtonView.swift */; };
		7AAC9D3228F7F99800FCFFF9 /* CoinRowView.swift in Sources */ = {isa = PBXBuildFile; fileRef = 7AAC9D3128F7F99800FCFFF9 /* CoinRowView.swift */; };
		7AAC9D3428F7F9FF00FCFFF9 /* PreviewProvider.swift in Sources */ = {isa = PBXBuildFile; fileRef = 7AAC9D3328F7F9FF00FCFFF9 /* PreviewProvider.swift */; };
		7AAC9D3628F8004700FCFFF9 /* Double.swift in Sources */ = {isa = PBXBuildFile; fileRef = 7AAC9D3528F8004700FCFFF9 /* Double.swift */; };
		7ABF5BAD28F5F0150084F082 /* CircleButtonAnimationView.swift in Sources */ = {isa = PBXBuildFile; fileRef = 7ABF5BAC28F5F0150084F082 /* CircleButtonAnimationView.swift */; };
		7AD79C5428F619EE00E0AAD5 /* CoinModel.swift in Sources */ = {isa = PBXBuildFile; fileRef = 7AD79C5328F619EE00E0AAD5 /* CoinModel.swift */; };
		7AEABD8B28FA0E64006736D5 /* CoinImageView.swift in Sources */ = {isa = PBXBuildFile; fileRef = 7AEABD8A28FA0E64006736D5 /* CoinImageView.swift */; };
		7AEABD8D28FA104B006736D5 /* CoinImageService.swift in Sources */ = {isa = PBXBuildFile; fileRef = 7AEABD8C28FA104B006736D5 /* CoinImageService.swift */; };
		7AEABD8F28FA119B006736D5 /* CoinImageViewModel.swift in Sources */ = {isa = PBXBuildFile; fileRef = 7AEABD8E28FA119B006736D5 /* CoinImageViewModel.swift */; };
/* End PBXBuildFile section */

/* Begin PBXFileReference section */
		7A04E7A428F830F0008AC227 /* HomeViewModel.swift */ = {isa = PBXFileReference; lastKnownFileType = sourcecode.swift; path = HomeViewModel.swift; sourceTree = "<group>"; };
		7A6F9D4128F889EF0023642E /* CoinDataService.swift */ = {isa = PBXFileReference; lastKnownFileType = sourcecode.swift; path = CoinDataService.swift; sourceTree = "<group>"; };
		7A8D53F328FC0A1100263C52 /* LocalFileManager.swift */ = {isa = PBXFileReference; lastKnownFileType = sourcecode.swift; path = LocalFileManager.swift; sourceTree = "<group>"; };
		7A99A53328F968460094EFB5 /* NetworkingManager.swift */ = {isa = PBXFileReference; lastKnownFileType = sourcecode.swift; path = NetworkingManager.swift; sourceTree = "<group>"; };
		7AA6DF4728F5A5CE0049D102 /* Crypto Tracker.app */ = {isa = PBXFileReference; explicitFileType = wrapper.application; includeInIndex = 0; path = "Crypto Tracker.app"; sourceTree = BUILT_PRODUCTS_DIR; };
		7AA6DF4A28F5A5CE0049D102 /* Crypto_TrackerApp.swift */ = {isa = PBXFileReference; lastKnownFileType = sourcecode.swift; path = Crypto_TrackerApp.swift; sourceTree = "<group>"; };
		7AA6DF4C28F5A5CE0049D102 /* ContentView.swift */ = {isa = PBXFileReference; lastKnownFileType = sourcecode.swift; path = ContentView.swift; sourceTree = "<group>"; };
		7AA6DF4E28F5A5D00049D102 /* Assets.xcassets */ = {isa = PBXFileReference; lastKnownFileType = folder.assetcatalog; path = Assets.xcassets; sourceTree = "<group>"; };
		7AA6DF5128F5A5D00049D102 /* Preview Assets.xcassets */ = {isa = PBXFileReference; lastKnownFileType = folder.assetcatalog; path = "Preview Assets.xcassets"; sourceTree = "<group>"; };
		7AA6DF5928F5B15F0049D102 /* Color.swift */ = {isa = PBXFileReference; lastKnownFileType = sourcecode.swift; path = Color.swift; sourceTree = "<group>"; };
		7AA6DF5F28F5B3EA0049D102 /* HomeView.swift */ = {isa = PBXFileReference; lastKnownFileType = sourcecode.swift; path = HomeView.swift; sourceTree = "<group>"; };
		7AA6DF6328F5B58D0049D102 /* CircleButtonView.swift */ = {isa = PBXFileReference; lastKnownFileType = sourcecode.swift; path = CircleButtonView.swift; sourceTree = "<group>"; };
		7AAC9D3128F7F99800FCFFF9 /* CoinRowView.swift */ = {isa = PBXFileReference; lastKnownFileType = sourcecode.swift; path = CoinRowView.swift; sourceTree = "<group>"; };
		7AAC9D3328F7F9FF00FCFFF9 /* PreviewProvider.swift */ = {isa = PBXFileReference; lastKnownFileType = sourcecode.swift; path = PreviewProvider.swift; sourceTree = "<group>"; };
		7AAC9D3528F8004700FCFFF9 /* Double.swift */ = {isa = PBXFileReference; lastKnownFileType = sourcecode.swift; path = Double.swift; sourceTree = "<group>"; };
		7ABF5BAC28F5F0150084F082 /* CircleButtonAnimationView.swift */ = {isa = PBXFileReference; lastKnownFileType = sourcecode.swift; path = CircleButtonAnimationView.swift; sourceTree = "<group>"; };
		7AD79C5328F619EE00E0AAD5 /* CoinModel.swift */ = {isa = PBXFileReference; lastKnownFileType = sourcecode.swift; path = CoinModel.swift; sourceTree = "<group>"; };
		7AEABD8A28FA0E64006736D5 /* CoinImageView.swift */ = {isa = PBXFileReference; lastKnownFileType = sourcecode.swift; path = CoinImageView.swift; sourceTree = "<group>"; };
		7AEABD8C28FA104B006736D5 /* CoinImageService.swift */ = {isa = PBXFileReference; lastKnownFileType = sourcecode.swift; path = CoinImageService.swift; sourceTree = "<group>"; };
		7AEABD8E28FA119B006736D5 /* CoinImageViewModel.swift */ = {isa = PBXFileReference; lastKnownFileType = sourcecode.swift; path = CoinImageViewModel.swift; sourceTree = "<group>"; };
/* End PBXFileReference section */

/* Begin PBXFrameworksBuildPhase section */
		7AA6DF4428F5A5CE0049D102 /* Frameworks */ = {
			isa = PBXFrameworksBuildPhase;
			buildActionMask = 2147483647;
			files = (
			);
			runOnlyForDeploymentPostprocessing = 0;
		};
/* End PBXFrameworksBuildPhase section */

/* Begin PBXGroup section */
		7A6F9D4028F889C10023642E /* Services */ = {
			isa = PBXGroup;
			children = (
				7A6F9D4128F889EF0023642E /* CoinDataService.swift */,
				7AEABD8C28FA104B006736D5 /* CoinImageService.swift */,
			);
			path = Services;
			sourceTree = "<group>";
		};
		7A99A53228F9681E0094EFB5 /* Utilities */ = {
			isa = PBXGroup;
			children = (
				7A99A53328F968460094EFB5 /* NetworkingManager.swift */,
				7A8D53F328FC0A1100263C52 /* LocalFileManager.swift */,
			);
			path = Utilities;
			sourceTree = "<group>";
		};
		7AA6DF3E28F5A5CE0049D102 = {
			isa = PBXGroup;
			children = (
				7AA6DF4928F5A5CE0049D102 /* Crypto Tracker */,
				7AA6DF4828F5A5CE0049D102 /* Products */,
			);
			sourceTree = "<group>";
		};
		7AA6DF4828F5A5CE0049D102 /* Products */ = {
			isa = PBXGroup;
			children = (
				7AA6DF4728F5A5CE0049D102 /* Crypto Tracker.app */,
			);
			name = Products;
			sourceTree = "<group>";
		};
		7AA6DF4928F5A5CE0049D102 /* Crypto Tracker */ = {
			isa = PBXGroup;
			children = (
				7AA6DF4A28F5A5CE0049D102 /* Crypto_TrackerApp.swift */,
				7A99A53228F9681E0094EFB5 /* Utilities */,
				7AA6DF5828F5B14A0049D102 /* Extensions */,
				7A6F9D4028F889C10023642E /* Services */,
				7AD79C5228F619D100E0AAD5 /* Models */,
				7AA6DF5B28F5B3B70049D102 /* Core */,
				7AA6DF4C28F5A5CE0049D102 /* ContentView.swift */,
				7AA6DF4E28F5A5D00049D102 /* Assets.xcassets */,
				7AA6DF5028F5A5D00049D102 /* Preview Content */,
			);
			path = "Crypto Tracker";
			sourceTree = "<group>";
		};
		7AA6DF5028F5A5D00049D102 /* Preview Content */ = {
			isa = PBXGroup;
			children = (
				7AA6DF5128F5A5D00049D102 /* Preview Assets.xcassets */,
			);
			path = "Preview Content";
			sourceTree = "<group>";
		};
		7AA6DF5828F5B14A0049D102 /* Extensions */ = {
			isa = PBXGroup;
			children = (
				7AA6DF5928F5B15F0049D102 /* Color.swift */,
				7AAC9D3328F7F9FF00FCFFF9 /* PreviewProvider.swift */,
				7AAC9D3528F8004700FCFFF9 /* Double.swift */,
			);
			path = Extensions;
			sourceTree = "<group>";
		};
		7AA6DF5B28F5B3B70049D102 /* Core */ = {
			isa = PBXGroup;
			children = (
				7AA6DF6128F5B5630049D102 /* Components */,
				7AA6DF5C28F5B3C40049D102 /* Home */,
			);
			path = Core;
			sourceTree = "<group>";
		};
		7AA6DF5C28F5B3C40049D102 /* Home */ = {
			isa = PBXGroup;
			children = (
				7AA6DF5E28F5B3D90049D102 /* ViewModels */,
				7AA6DF5D28F5B3D10049D102 /* Views */,
			);
			path = Home;
			sourceTree = "<group>";
		};
		7AA6DF5D28F5B3D10049D102 /* Views */ = {
			isa = PBXGroup;
			children = (
				7AA6DF5F28F5B3EA0049D102 /* HomeView.swift */,
				7AAC9D3128F7F99800FCFFF9 /* CoinRowView.swift */,
			);
			path = Views;
			sourceTree = "<group>";
		};
		7AA6DF5E28F5B3D90049D102 /* ViewModels */ = {
			isa = PBXGroup;
			children = (
				7A04E7A428F830F0008AC227 /* HomeViewModel.swift */,
			);
			path = ViewModels;
			sourceTree = "<group>";
		};
		7AA6DF6128F5B5630049D102 /* Components */ = {
			isa = PBXGroup;
			children = (
				7AEABD8928FA0E50006736D5 /* CoinImage */,
				7AA6DF6228F5B5750049D102 /* CircleButton */,
			);
			path = Components;
			sourceTree = "<group>";
		};
		7AA6DF6228F5B5750049D102 /* CircleButton */ = {
			isa = PBXGroup;
			children = (
				7AA6DF6328F5B58D0049D102 /* CircleButtonView.swift */,
				7ABF5BAC28F5F0150084F082 /* CircleButtonAnimationView.swift */,
			);
			path = CircleButton;
			sourceTree = "<group>";
		};
		7AD79C5228F619D100E0AAD5 /* Models */ = {
			isa = PBXGroup;
			children = (
				7AD79C5328F619EE00E0AAD5 /* CoinModel.swift */,
			);
			path = Models;
			sourceTree = "<group>";
		};
		7AEABD8928FA0E50006736D5 /* CoinImage */ = {
			isa = PBXGroup;
			children = (
				7AEABD8A28FA0E64006736D5 /* CoinImageView.swift */,
				7AEABD8E28FA119B006736D5 /* CoinImageViewModel.swift */,
			);
			path = CoinImage;
			sourceTree = "<group>";
		};
/* End PBXGroup section */

/* Begin PBXNativeTarget section */
		7AA6DF4628F5A5CE0049D102 /* Crypto Tracker */ = {
			isa = PBXNativeTarget;
			buildConfigurationList = 7AA6DF5528F5A5D00049D102 /* Build configuration list for PBXNativeTarget "Crypto Tracker" */;
			buildPhases = (
				7AA6DF4328F5A5CE0049D102 /* Sources */,
				7AA6DF4428F5A5CE0049D102 /* Frameworks */,
				7AA6DF4528F5A5CE0049D102 /* Resources */,
			);
			buildRules = (
			);
			dependencies = (
			);
			name = "Crypto Tracker";
			productName = "Crypto Tracker";
			productReference = 7AA6DF4728F5A5CE0049D102 /* Crypto Tracker.app */;
			productType = "com.apple.product-type.application";
		};
/* End PBXNativeTarget section */

/* Begin PBXProject section */
		7AA6DF3F28F5A5CE0049D102 /* Project object */ = {
			isa = PBXProject;
			attributes = {
				BuildIndependentTargetsInParallel = 1;
				LastSwiftUpdateCheck = 1400;
				LastUpgradeCheck = 1400;
				TargetAttributes = {
					7AA6DF4628F5A5CE0049D102 = {
						CreatedOnToolsVersion = 14.0.1;
					};
				};
			};
			buildConfigurationList = 7AA6DF4228F5A5CE0049D102 /* Build configuration list for PBXProject "Crypto Tracker" */;
			compatibilityVersion = "Xcode 14.0";
			developmentRegion = en;
			hasScannedForEncodings = 0;
			knownRegions = (
				en,
				Base,
			);
			mainGroup = 7AA6DF3E28F5A5CE0049D102;
			productRefGroup = 7AA6DF4828F5A5CE0049D102 /* Products */;
			projectDirPath = "";
			projectRoot = "";
			targets = (
				7AA6DF4628F5A5CE0049D102 /* Crypto Tracker */,
			);
		};
/* End PBXProject section */

/* Begin PBXResourcesBuildPhase section */
		7AA6DF4528F5A5CE0049D102 /* Resources */ = {
			isa = PBXResourcesBuildPhase;
			buildActionMask = 2147483647;
			files = (
				7AA6DF5228F5A5D00049D102 /* Preview Assets.xcassets in Resources */,
				7AA6DF4F28F5A5D00049D102 /* Assets.xcassets in Resources */,
			);
			runOnlyForDeploymentPostprocessing = 0;
		};
/* End PBXResourcesBuildPhase section */

/* Begin PBXSourcesBuildPhase section */
		7AA6DF4328F5A5CE0049D102 /* Sources */ = {
			isa = PBXSourcesBuildPhase;
			buildActionMask = 2147483647;
			files = (
				7A6F9D4228F889EF0023642E /* CoinDataService.swift in Sources */,
				7AAC9D3228F7F99800FCFFF9 /* CoinRowView.swift in Sources */,
				7A04E7A528F830F0008AC227 /* HomeViewModel.swift in Sources */,
				7AA6DF4D28F5A5CE0049D102 /* ContentView.swift in Sources */,
				7A8D53F428FC0A1100263C52 /* LocalFileManager.swift in Sources */,
				7AA6DF6028F5B3EA0049D102 /* HomeView.swift in Sources */,
				7AEABD8B28FA0E64006736D5 /* CoinImageView.swift in Sources */,
				7AA6DF4B28F5A5CE0049D102 /* Crypto_TrackerApp.swift in Sources */,
				7AA6DF6428F5B58D0049D102 /* CircleButtonView.swift in Sources */,
				7AA6DF5A28F5B15F0049D102 /* Color.swift in Sources */,
				7A99A53428F968460094EFB5 /* NetworkingManager.swift in Sources */,
				7ABF5BAD28F5F0150084F082 /* CircleButtonAnimationView.swift in Sources */,
				7AEABD8F28FA119B006736D5 /* CoinImageViewModel.swift in Sources */,
				7AAC9D3428F7F9FF00FCFFF9 /* PreviewProvider.swift in Sources */,
				7AAC9D3628F8004700FCFFF9 /* Double.swift in Sources */,
				7AEABD8D28FA104B006736D5 /* CoinImageService.swift in Sources */,
				7AD79C5428F619EE00E0AAD5 /* CoinModel.swift in Sources */,
			);
			runOnlyForDeploymentPostprocessing = 0;
		};
/* End PBXSourcesBuildPhase section */

/* Begin XCBuildConfiguration section */
		7AA6DF5328F5A5D00049D102 /* Debug */ = {
			isa = XCBuildConfiguration;
			buildSettings = {
				ALWAYS_SEARCH_USER_PATHS = NO;
				CLANG_ANALYZER_NONNULL = YES;
				CLANG_ANALYZER_NUMBER_OBJECT_CONVERSION = YES_AGGRESSIVE;
				CLANG_CXX_LANGUAGE_STANDARD = "gnu++20";
				CLANG_ENABLE_MODULES = YES;
				CLANG_ENABLE_OBJC_ARC = YES;
				CLANG_ENABLE_OBJC_WEAK = YES;
				CLANG_WARN_BLOCK_CAPTURE_AUTORELEASING = YES;
				CLANG_WARN_BOOL_CONVERSION = YES;
				CLANG_WARN_COMMA = YES;
				CLANG_WARN_CONSTANT_CONVERSION = YES;
				CLANG_WARN_DEPRECATED_OBJC_IMPLEMENTATIONS = YES;
				CLANG_WARN_DIRECT_OBJC_ISA_USAGE = YES_ERROR;
				CLANG_WARN_DOCUMENTATION_COMMENTS = YES;
				CLANG_WARN_EMPTY_BODY = YES;
				CLANG_WARN_ENUM_CONVERSION = YES;
				CLANG_WARN_INFINITE_RECURSION = YES;
				CLANG_WARN_INT_CONVERSION = YES;
				CLANG_WARN_NON_LITERAL_NULL_CONVERSION = YES;
				CLANG_WARN_OBJC_IMPLICIT_RETAIN_SELF = YES;
				CLANG_WARN_OBJC_LITERAL_CONVERSION = YES;
				CLANG_WARN_OBJC_ROOT_CLASS = YES_ERROR;
				CLANG_WARN_QUOTED_INCLUDE_IN_FRAMEWORK_HEADER = YES;
				CLANG_WARN_RANGE_LOOP_ANALYSIS = YES;
				CLANG_WARN_STRICT_PROTOTYPES = YES;
				CLANG_WARN_SUSPICIOUS_MOVE = YES;
				CLANG_WARN_UNGUARDED_AVAILABILITY = YES_AGGRESSIVE;
				CLANG_WARN_UNREACHABLE_CODE = YES;
				CLANG_WARN__DUPLICATE_METHOD_MATCH = YES;
				COPY_PHASE_STRIP = NO;
				DEBUG_INFORMATION_FORMAT = dwarf;
				ENABLE_STRICT_OBJC_MSGSEND = YES;
				ENABLE_TESTABILITY = YES;
				GCC_C_LANGUAGE_STANDARD = gnu11;
				GCC_DYNAMIC_NO_PIC = NO;
				GCC_NO_COMMON_BLOCKS = YES;
				GCC_OPTIMIZATION_LEVEL = 0;
				GCC_PREPROCESSOR_DEFINITIONS = (
					"DEBUG=1",
					"$(inherited)",
				);
				GCC_WARN_64_TO_32_BIT_CONVERSION = YES;
				GCC_WARN_ABOUT_RETURN_TYPE = YES_ERROR;
				GCC_WARN_UNDECLARED_SELECTOR = YES;
				GCC_WARN_UNINITIALIZED_AUTOS = YES_AGGRESSIVE;
				GCC_WARN_UNUSED_FUNCTION = YES;
				GCC_WARN_UNUSED_VARIABLE = YES;
				IPHONEOS_DEPLOYMENT_TARGET = 16.0;
				MTL_ENABLE_DEBUG_INFO = INCLUDE_SOURCE;
				MTL_FAST_MATH = YES;
				ONLY_ACTIVE_ARCH = YES;
				SDKROOT = iphoneos;
				SWIFT_ACTIVE_COMPILATION_CONDITIONS = DEBUG;
				SWIFT_OPTIMIZATION_LEVEL = "-Onone";
			};
			name = Debug;
		};
		7AA6DF5428F5A5D00049D102 /* Release */ = {
			isa = XCBuildConfiguration;
			buildSettings = {
				ALWAYS_SEARCH_USER_PATHS = NO;
				CLANG_ANALYZER_NONNULL = YES;
				CLANG_ANALYZER_NUMBER_OBJECT_CONVERSION = YES_AGGRESSIVE;
				CLANG_CXX_LANGUAGE_STANDARD = "gnu++20";
				CLANG_ENABLE_MODULES = YES;
				CLANG_ENABLE_OBJC_ARC = YES;
				CLANG_ENABLE_OBJC_WEAK = YES;
				CLANG_WARN_BLOCK_CAPTURE_AUTORELEASING = YES;
				CLANG_WARN_BOOL_CONVERSION = YES;
				CLANG_WARN_COMMA = YES;
				CLANG_WARN_CONSTANT_CONVERSION = YES;
				CLANG_WARN_DEPRECATED_OBJC_IMPLEMENTATIONS = YES;
				CLANG_WARN_DIRECT_OBJC_ISA_USAGE = YES_ERROR;
				CLANG_WARN_DOCUMENTATION_COMMENTS = YES;
				CLANG_WARN_EMPTY_BODY = YES;
				CLANG_WARN_ENUM_CONVERSION = YES;
				CLANG_WARN_INFINITE_RECURSION = YES;
				CLANG_WARN_INT_CONVERSION = YES;
				CLANG_WARN_NON_LITERAL_NULL_CONVERSION = YES;
				CLANG_WARN_OBJC_IMPLICIT_RETAIN_SELF = YES;
				CLANG_WARN_OBJC_LITERAL_CONVERSION = YES;
				CLANG_WARN_OBJC_ROOT_CLASS = YES_ERROR;
				CLANG_WARN_QUOTED_INCLUDE_IN_FRAMEWORK_HEADER = YES;
				CLANG_WARN_RANGE_LOOP_ANALYSIS = YES;
				CLANG_WARN_STRICT_PROTOTYPES = YES;
				CLANG_WARN_SUSPICIOUS_MOVE = YES;
				CLANG_WARN_UNGUARDED_AVAILABILITY = YES_AGGRESSIVE;
				CLANG_WARN_UNREACHABLE_CODE = YES;
				CLANG_WARN__DUPLICATE_METHOD_MATCH = YES;
				COPY_PHASE_STRIP = NO;
				DEBUG_INFORMATION_FORMAT = "dwarf-with-dsym";
				ENABLE_NS_ASSERTIONS = NO;
				ENABLE_STRICT_OBJC_MSGSEND = YES;
				GCC_C_LANGUAGE_STANDARD = gnu11;
				GCC_NO_COMMON_BLOCKS = YES;
				GCC_WARN_64_TO_32_BIT_CONVERSION = YES;
				GCC_WARN_ABOUT_RETURN_TYPE = YES_ERROR;
				GCC_WARN_UNDECLARED_SELECTOR = YES;
				GCC_WARN_UNINITIALIZED_AUTOS = YES_AGGRESSIVE;
				GCC_WARN_UNUSED_FUNCTION = YES;
				GCC_WARN_UNUSED_VARIABLE = YES;
				IPHONEOS_DEPLOYMENT_TARGET = 16.0;
				MTL_ENABLE_DEBUG_INFO = NO;
				MTL_FAST_MATH = YES;
				SDKROOT = iphoneos;
				SWIFT_COMPILATION_MODE = wholemodule;
				SWIFT_OPTIMIZATION_LEVEL = "-O";
				VALIDATE_PRODUCT = YES;
			};
			name = Release;
		};
		7AA6DF5628F5A5D00049D102 /* Debug */ = {
			isa = XCBuildConfiguration;
			buildSettings = {
				ASSETCATALOG_COMPILER_APPICON_NAME = AppIcon;
				ASSETCATALOG_COMPILER_GLOBAL_ACCENT_COLOR_NAME = AccentColor;
				CODE_SIGN_STYLE = Automatic;
				CURRENT_PROJECT_VERSION = 1;
				DEVELOPMENT_ASSET_PATHS = "\"Crypto Tracker/Preview Content\"";
				DEVELOPMENT_TEAM = BY8396AZDY;
				ENABLE_PREVIEWS = YES;
				GENERATE_INFOPLIST_FILE = YES;
				INFOPLIST_KEY_UIApplicationSceneManifest_Generation = YES;
				INFOPLIST_KEY_UIApplicationSupportsIndirectInputEvents = YES;
				INFOPLIST_KEY_UILaunchScreen_Generation = YES;
				INFOPLIST_KEY_UISupportedInterfaceOrientations = UIInterfaceOrientationPortrait;
				INFOPLIST_KEY_UISupportedInterfaceOrientations_iPad = "UIInterfaceOrientationLandscapeLeft UIInterfaceOrientationLandscapeRight UIInterfaceOrientationPortrait UIInterfaceOrientationPortraitUpsideDown";
				IPHONEOS_DEPLOYMENT_TARGET = 14.0;
				LD_RUNPATH_SEARCH_PATHS = (
					"$(inherited)",
					"@executable_path/Frameworks",
				);
				MARKETING_VERSION = 1.0;
				PRODUCT_BUNDLE_IDENTIFIER = "com.greena.Crypto-Tracker";
				PRODUCT_NAME = "$(TARGET_NAME)";
				SWIFT_EMIT_LOC_STRINGS = YES;
				SWIFT_VERSION = 5.0;
				TARGETED_DEVICE_FAMILY = "1,2";
			};
			name = Debug;
		};
		7AA6DF5728F5A5D00049D102 /* Release */ = {
			isa = XCBuildConfiguration;
			buildSettings = {
				ASSETCATALOG_COMPILER_APPICON_NAME = AppIcon;
				ASSETCATALOG_COMPILER_GLOBAL_ACCENT_COLOR_NAME = AccentColor;
				CODE_SIGN_STYLE = Automatic;
				CURRENT_PROJECT_VERSION = 1;
				DEVELOPMENT_ASSET_PATHS = "\"Crypto Tracker/Preview Content\"";
				DEVELOPMENT_TEAM = BY8396AZDY;
				ENABLE_PREVIEWS = YES;
				GENERATE_INFOPLIST_FILE = YES;
				INFOPLIST_KEY_UIApplicationSceneManifest_Generation = YES;
				INFOPLIST_KEY_UIApplicationSupportsIndirectInputEvents = YES;
				INFOPLIST_KEY_UILaunchScreen_Generation = YES;
				INFOPLIST_KEY_UISupportedInterfaceOrientations = UIInterfaceOrientationPortrait;
				INFOPLIST_KEY_UISupportedInterfaceOrientations_iPad = "UIInterfaceOrientationLandscapeLeft UIInterfaceOrientationLandscapeRight UIInterfaceOrientationPortrait UIInterfaceOrientationPortraitUpsideDown";
				IPHONEOS_DEPLOYMENT_TARGET = 14.0;
				LD_RUNPATH_SEARCH_PATHS = (
					"$(inherited)",
					"@executable_path/Frameworks",
				);
				MARKETING_VERSION = 1.0;
				PRODUCT_BUNDLE_IDENTIFIER = "com.greena.Crypto-Tracker";
				PRODUCT_NAME = "$(TARGET_NAME)";
				SWIFT_EMIT_LOC_STRINGS = YES;
				SWIFT_VERSION = 5.0;
				TARGETED_DEVICE_FAMILY = "1,2";
			};
			name = Release;
		};
/* End XCBuildConfiguration section */

/* Begin XCConfigurationList section */
		7AA6DF4228F5A5CE0049D102 /* Build configuration list for PBXProject "Crypto Tracker" */ = {
			isa = XCConfigurationList;
			buildConfigurations = (
				7AA6DF5328F5A5D00049D102 /* Debug */,
				7AA6DF5428F5A5D00049D102 /* Release */,
			);
			defaultConfigurationIsVisible = 0;
			defaultConfigurationName = Release;
		};
		7AA6DF5528F5A5D00049D102 /* Build configuration list for PBXNativeTarget "Crypto Tracker" */ = {
			isa = XCConfigurationList;
			buildConfigurations = (
				7AA6DF5628F5A5D00049D102 /* Debug */,
				7AA6DF5728F5A5D00049D102 /* Release */,
			);
			defaultConfigurationIsVisible = 0;
			defaultConfigurationName = Release;
		};
/* End XCConfigurationList section */
	};
	rootObject = 7AA6DF3F28F5A5CE0049D102 /* Project object */;
}
